// !$*UTF8*$!
{
	archiveVersion = 1;
	classes = {
	};
	objectVersion = 56;
	objects = {

/* Begin PBXBuildFile section */
		13D518192ABD00DF685A96C5 /* Pods_SpotifyClone.framework in Frameworks */ = {isa = PBXBuildFile; fileRef = 4BDD05F1A3361616ED0A92A4 /* Pods_SpotifyClone.framework */; };
		3A1FBADE29243CB80076E01F /* SearchResultDefaultTableViewCell.swift in Sources */ = {isa = PBXBuildFile; fileRef = 3A1FBADD29243CB80076E01F /* SearchResultDefaultTableViewCell.swift */; };
		3A1FBAE029243E380076E01F /* SearchResultDefaultTableViewCellViewModel.swift in Sources */ = {isa = PBXBuildFile; fileRef = 3A1FBADF29243E380076E01F /* SearchResultDefaultTableViewCellViewModel.swift */; };
		3A1FBAE2292445BE0076E01F /* SearchResultSubtitleTableViewCell.swift in Sources */ = {isa = PBXBuildFile; fileRef = 3A1FBAE1292445BE0076E01F /* SearchResultSubtitleTableViewCell.swift */; };
		3A1FBAE42924462B0076E01F /* SearchResultSubtitleTableViewCellViewModel.swift in Sources */ = {isa = PBXBuildFile; fileRef = 3A1FBAE32924462B0076E01F /* SearchResultSubtitleTableViewCellViewModel.swift */; };
		3A1FBAE629244A770076E01F /* ArtistViewController.swift in Sources */ = {isa = PBXBuildFile; fileRef = 3A1FBAE529244A770076E01F /* ArtistViewController.swift */; };
		3A1FBAE829245CCB0076E01F /* RelatedArtistsResponse.swift in Sources */ = {isa = PBXBuildFile; fileRef = 3A1FBAE729245CCB0076E01F /* RelatedArtistsResponse.swift */; };
		3A3062C8291D939C00064345 /* AlbumViewCell.swift in Sources */ = {isa = PBXBuildFile; fileRef = 3A3062C7291D939C00064345 /* AlbumViewCell.swift */; };
		3A3062CA291D93B600064345 /* FeaturedPlaylistCollectionViewCell.swift in Sources */ = {isa = PBXBuildFile; fileRef = 3A3062C9291D93B600064345 /* FeaturedPlaylistCollectionViewCell.swift */; };
		3A3062CC291D93CE00064345 /* RecommendedTrackCollectionViewCell.swift in Sources */ = {isa = PBXBuildFile; fileRef = 3A3062CB291D93CE00064345 /* RecommendedTrackCollectionViewCell.swift */; };
		3A3062CE291DC19F00064345 /* AlbumCellViewModel.swift in Sources */ = {isa = PBXBuildFile; fileRef = 3A3062CD291DC19F00064345 /* AlbumCellViewModel.swift */; };
		3A3062D0291E6F9100064345 /* FeaturedPlaylistCellViewModel.swift in Sources */ = {isa = PBXBuildFile; fileRef = 3A3062CF291E6F9100064345 /* FeaturedPlaylistCellViewModel.swift */; };
		3A3062D2291E6FC700064345 /* RecommendedTrackCellViewModel.swift in Sources */ = {isa = PBXBuildFile; fileRef = 3A3062D1291E6FC700064345 /* RecommendedTrackCellViewModel.swift */; };
		3A3062D4291E7D8500064345 /* HomeHeaderCollectionReusableView.swift in Sources */ = {isa = PBXBuildFile; fileRef = 3A3062D3291E7D8500064345 /* HomeHeaderCollectionReusableView.swift */; };
		3A3062D6291F1B9C00064345 /* AlbumViewController.swift in Sources */ = {isa = PBXBuildFile; fileRef = 3A3062D5291F1B9C00064345 /* AlbumViewController.swift */; };
		3A3062D8291F291D00064345 /* AlbumDetailsResponse.swift in Sources */ = {isa = PBXBuildFile; fileRef = 3A3062D7291F291D00064345 /* AlbumDetailsResponse.swift */; };
		3A3062DA291F2E8E00064345 /* PlaylistDetailsResponse.swift in Sources */ = {isa = PBXBuildFile; fileRef = 3A3062D9291F2E8E00064345 /* PlaylistDetailsResponse.swift */; };
		3A3062DC292162E500064345 /* PlaylistHeaderCollectionReusableView.swift in Sources */ = {isa = PBXBuildFile; fileRef = 3A3062DB292162E500064345 /* PlaylistHeaderCollectionReusableView.swift */; };
		3A3062DE2921645400064345 /* PlaylistHeaderViewModel.swift in Sources */ = {isa = PBXBuildFile; fileRef = 3A3062DD2921645400064345 /* PlaylistHeaderViewModel.swift */; };
		3A3062E22921891A00064345 /* AlbumCollectionViewCellViewModel.swift in Sources */ = {isa = PBXBuildFile; fileRef = 3A3062E12921891A00064345 /* AlbumCollectionViewCellViewModel.swift */; };
		3A3062E72923FFE300064345 /* CategoryCollectionViewCell.swift in Sources */ = {isa = PBXBuildFile; fileRef = 3A3062E62923FFE300064345 /* CategoryCollectionViewCell.swift */; };
		3A3062E92924050C00064345 /* AllCategoriesResponse.swift in Sources */ = {isa = PBXBuildFile; fileRef = 3A3062E82924050C00064345 /* AllCategoriesResponse.swift */; };
		3A3062EB29240BE200064345 /* CategoryCollectionViewCellViewModel.swift in Sources */ = {isa = PBXBuildFile; fileRef = 3A3062EA29240BE200064345 /* CategoryCollectionViewCellViewModel.swift */; };
		3A3062ED29240F2E00064345 /* CategoryViewController.swift in Sources */ = {isa = PBXBuildFile; fileRef = 3A3062EC29240F2E00064345 /* CategoryViewController.swift */; };
		3A3062EF29241AF800064345 /* SearchResultsResponse.swift in Sources */ = {isa = PBXBuildFile; fileRef = 3A3062EE29241AF800064345 /* SearchResultsResponse.swift */; };
		3A3062F12924207800064345 /* SearchResult.swift in Sources */ = {isa = PBXBuildFile; fileRef = 3A3062F02924207800064345 /* SearchResult.swift */; };
		3A7CDB8E292E4AA800E6A048 /* LibraryPlaylistsViewController.swift in Sources */ = {isa = PBXBuildFile; fileRef = 3A7CDB8D292E4AA800E6A048 /* LibraryPlaylistsViewController.swift */; };
		3A7CDB90292E4ABF00E6A048 /* LibraryAlbumsViewController.swift in Sources */ = {isa = PBXBuildFile; fileRef = 3A7CDB8F292E4ABF00E6A048 /* LibraryAlbumsViewController.swift */; };
		3A7CDB92292E4DD600E6A048 /* LibraryToggleView.swift in Sources */ = {isa = PBXBuildFile; fileRef = 3A7CDB91292E4DD600E6A048 /* LibraryToggleView.swift */; };
		3A7CDB94292E620E00E6A048 /* LibraryPlaylistsResponse.swift in Sources */ = {isa = PBXBuildFile; fileRef = 3A7CDB93292E620E00E6A048 /* LibraryPlaylistsResponse.swift */; };
		3A7CDB96292E63CC00E6A048 /* ActionLabelView.swift in Sources */ = {isa = PBXBuildFile; fileRef = 3A7CDB95292E63CC00E6A048 /* ActionLabelView.swift */; };
		3A7CDB98292EAEB700E6A048 /* LibraryAlbumsResponse.swift in Sources */ = {isa = PBXBuildFile; fileRef = 3A7CDB97292EAEB700E6A048 /* LibraryAlbumsResponse.swift */; };
		3A80750D29180DD4004224C0 /* AppDelegate.swift in Sources */ = {isa = PBXBuildFile; fileRef = 3A80750C29180DD4004224C0 /* AppDelegate.swift */; };
		3A80750F29180DD4004224C0 /* SceneDelegate.swift in Sources */ = {isa = PBXBuildFile; fileRef = 3A80750E29180DD4004224C0 /* SceneDelegate.swift */; };
		3A80751129180DD4004224C0 /* HomeViewController.swift in Sources */ = {isa = PBXBuildFile; fileRef = 3A80751029180DD4004224C0 /* HomeViewController.swift */; };
		3A80751629180DD6004224C0 /* Assets.xcassets in Resources */ = {isa = PBXBuildFile; fileRef = 3A80751529180DD6004224C0 /* Assets.xcassets */; };
		3A80751929180DD6004224C0 /* LaunchScreen.storyboard in Resources */ = {isa = PBXBuildFile; fileRef = 3A80751729180DD6004224C0 /* LaunchScreen.storyboard */; };
		3A80752729181165004224C0 /* TabBarViewController.swift in Sources */ = {isa = PBXBuildFile; fileRef = 3A80752629181165004224C0 /* TabBarViewController.swift */; };
		3A80752929181195004224C0 /* SearchViewController.swift in Sources */ = {isa = PBXBuildFile; fileRef = 3A80752829181195004224C0 /* SearchViewController.swift */; };
		3A80752B291811A4004224C0 /* LibraryViewController.swift in Sources */ = {isa = PBXBuildFile; fileRef = 3A80752A291811A4004224C0 /* LibraryViewController.swift */; };
		3A80752F291811D2004224C0 /* AuthViewController.swift in Sources */ = {isa = PBXBuildFile; fileRef = 3A80752E291811D2004224C0 /* AuthViewController.swift */; };
		3A807531291811DD004224C0 /* WelcomeViewController.swift in Sources */ = {isa = PBXBuildFile; fileRef = 3A807530291811DD004224C0 /* WelcomeViewController.swift */; };
		3A807533291811EA004224C0 /* SettingsViewController.swift in Sources */ = {isa = PBXBuildFile; fileRef = 3A807532291811EA004224C0 /* SettingsViewController.swift */; };
		3A807535291811F7004224C0 /* ProfileViewController.swift in Sources */ = {isa = PBXBuildFile; fileRef = 3A807534291811F7004224C0 /* ProfileViewController.swift */; };
		3A80753729181202004224C0 /* PlayerViewController.swift in Sources */ = {isa = PBXBuildFile; fileRef = 3A80753629181202004224C0 /* PlayerViewController.swift */; };
		3A8075392918120F004224C0 /* PlaylistViewController.swift in Sources */ = {isa = PBXBuildFile; fileRef = 3A8075382918120F004224C0 /* PlaylistViewController.swift */; };
		3A80753B29181225004224C0 /* SearchResultsViewController.swift in Sources */ = {isa = PBXBuildFile; fileRef = 3A80753A29181225004224C0 /* SearchResultsViewController.swift */; };
		3A80753D29181241004224C0 /* AuthManager.swift in Sources */ = {isa = PBXBuildFile; fileRef = 3A80753C29181241004224C0 /* AuthManager.swift */; };
		3A80753F29181250004224C0 /* APICaller.swift in Sources */ = {isa = PBXBuildFile; fileRef = 3A80753E29181250004224C0 /* APICaller.swift */; };
		3A8075412918125F004224C0 /* HapticsManager.swift in Sources */ = {isa = PBXBuildFile; fileRef = 3A8075402918125F004224C0 /* HapticsManager.swift */; };
		3A80754329181340004224C0 /* Playlist.swift in Sources */ = {isa = PBXBuildFile; fileRef = 3A80754229181340004224C0 /* Playlist.swift */; };
		3A8075452918134D004224C0 /* AudioTrack.swift in Sources */ = {isa = PBXBuildFile; fileRef = 3A8075442918134D004224C0 /* AudioTrack.swift */; };
		3A80754729181354004224C0 /* Artist.swift in Sources */ = {isa = PBXBuildFile; fileRef = 3A80754629181354004224C0 /* Artist.swift */; };
		3A80754929181360004224C0 /* UserProfile.swift in Sources */ = {isa = PBXBuildFile; fileRef = 3A80754829181360004224C0 /* UserProfile.swift */; };
		3A80754B29181DA2004224C0 /* Extensions.swift in Sources */ = {isa = PBXBuildFile; fileRef = 3A80754A29181DA2004224C0 /* Extensions.swift */; };
		3A80754D291AA9CA004224C0 /* AuthResponse.swift in Sources */ = {isa = PBXBuildFile; fileRef = 3A80754C291AA9CA004224C0 /* AuthResponse.swift */; };
		3A80754F291B0B8C004224C0 /* SettingsModels.swift in Sources */ = {isa = PBXBuildFile; fileRef = 3A80754E291B0B8C004224C0 /* SettingsModels.swift */; };
		3A807551291C0BEB004224C0 /* NewReleasesResponse.swift in Sources */ = {isa = PBXBuildFile; fileRef = 3A807550291C0BEB004224C0 /* NewReleasesResponse.swift */; };
		3A807553291C0CCA004224C0 /* APIImage.swift in Sources */ = {isa = PBXBuildFile; fileRef = 3A807552291C0CCA004224C0 /* APIImage.swift */; };
		3A807555291C0F95004224C0 /* FeaturedPlaylistsResponse.swift in Sources */ = {isa = PBXBuildFile; fileRef = 3A807554291C0F95004224C0 /* FeaturedPlaylistsResponse.swift */; };
		3A807557291C1608004224C0 /* RecommendedGenresResponse.swift in Sources */ = {isa = PBXBuildFile; fileRef = 3A807556291C1608004224C0 /* RecommendedGenresResponse.swift */; };
		3A807559291C1AF2004224C0 /* RecommendationsResponse.swift in Sources */ = {isa = PBXBuildFile; fileRef = 3A807558291C1AF2004224C0 /* RecommendationsResponse.swift */; };
		3ABB095D292961B100718E89 /* PlaybackPresenter.swift in Sources */ = {isa = PBXBuildFile; fileRef = 3ABB095C292961B100718E89 /* PlaybackPresenter.swift */; };
		3ABB095F2929683300718E89 /* PlayerControlsView.swift in Sources */ = {isa = PBXBuildFile; fileRef = 3ABB095E2929683300718E89 /* PlayerControlsView.swift */; };
		3AF5637029259EC100D99A6F /* CustomCompositionalLayout.swift in Sources */ = {isa = PBXBuildFile; fileRef = 3AF5636F29259EC100D99A6F /* CustomCompositionalLayout.swift */; };
		3AF5637229259F3600D99A6F /* StretchyCollectionHeaderView.swift in Sources */ = {isa = PBXBuildFile; fileRef = 3AF5637129259F3600D99A6F /* StretchyCollectionHeaderView.swift */; };
		3AF5637429259FE700D99A6F /* StretchyCollectionHeaderViewModel.swift in Sources */ = {isa = PBXBuildFile; fileRef = 3AF5637329259FE700D99A6F /* StretchyCollectionHeaderViewModel.swift */; };
		3AF563762926725C00D99A6F /* ArtistCollectionViewModel.swift in Sources */ = {isa = PBXBuildFile; fileRef = 3AF563752926725C00D99A6F /* ArtistCollectionViewModel.swift */; };
		3AF563782926734600D99A6F /* ArtistCollectionViewCell.swift in Sources */ = {isa = PBXBuildFile; fileRef = 3AF563772926734600D99A6F /* ArtistCollectionViewCell.swift */; };
		3AF5637B292697A100D99A6F /* ViewControllerPreview.swift in Sources */ = {isa = PBXBuildFile; fileRef = 3AF5637A292697A100D99A6F /* ViewControllerPreview.swift */; };
/* End PBXBuildFile section */

/* Begin PBXFileReference section */
		3A1FBADD29243CB80076E01F /* SearchResultDefaultTableViewCell.swift */ = {isa = PBXFileReference; lastKnownFileType = sourcecode.swift; path = SearchResultDefaultTableViewCell.swift; sourceTree = "<group>"; };
		3A1FBADF29243E380076E01F /* SearchResultDefaultTableViewCellViewModel.swift */ = {isa = PBXFileReference; lastKnownFileType = sourcecode.swift; path = SearchResultDefaultTableViewCellViewModel.swift; sourceTree = "<group>"; };
		3A1FBAE1292445BE0076E01F /* SearchResultSubtitleTableViewCell.swift */ = {isa = PBXFileReference; lastKnownFileType = sourcecode.swift; path = SearchResultSubtitleTableViewCell.swift; sourceTree = "<group>"; };
		3A1FBAE32924462B0076E01F /* SearchResultSubtitleTableViewCellViewModel.swift */ = {isa = PBXFileReference; lastKnownFileType = sourcecode.swift; path = SearchResultSubtitleTableViewCellViewModel.swift; sourceTree = "<group>"; };
		3A1FBAE529244A770076E01F /* ArtistViewController.swift */ = {isa = PBXFileReference; lastKnownFileType = sourcecode.swift; path = ArtistViewController.swift; sourceTree = "<group>"; };
		3A1FBAE729245CCB0076E01F /* RelatedArtistsResponse.swift */ = {isa = PBXFileReference; lastKnownFileType = sourcecode.swift; path = RelatedArtistsResponse.swift; sourceTree = "<group>"; };
		3A3062C7291D939C00064345 /* AlbumViewCell.swift */ = {isa = PBXFileReference; lastKnownFileType = sourcecode.swift; path = AlbumViewCell.swift; sourceTree = "<group>"; };
		3A3062C9291D93B600064345 /* FeaturedPlaylistCollectionViewCell.swift */ = {isa = PBXFileReference; lastKnownFileType = sourcecode.swift; path = FeaturedPlaylistCollectionViewCell.swift; sourceTree = "<group>"; };
		3A3062CB291D93CE00064345 /* RecommendedTrackCollectionViewCell.swift */ = {isa = PBXFileReference; lastKnownFileType = sourcecode.swift; path = RecommendedTrackCollectionViewCell.swift; sourceTree = "<group>"; };
		3A3062CD291DC19F00064345 /* AlbumCellViewModel.swift */ = {isa = PBXFileReference; lastKnownFileType = sourcecode.swift; path = AlbumCellViewModel.swift; sourceTree = "<group>"; };
		3A3062CF291E6F9100064345 /* FeaturedPlaylistCellViewModel.swift */ = {isa = PBXFileReference; lastKnownFileType = sourcecode.swift; path = FeaturedPlaylistCellViewModel.swift; sourceTree = "<group>"; };
		3A3062D1291E6FC700064345 /* RecommendedTrackCellViewModel.swift */ = {isa = PBXFileReference; lastKnownFileType = sourcecode.swift; path = RecommendedTrackCellViewModel.swift; sourceTree = "<group>"; };
		3A3062D3291E7D8500064345 /* HomeHeaderCollectionReusableView.swift */ = {isa = PBXFileReference; lastKnownFileType = sourcecode.swift; path = HomeHeaderCollectionReusableView.swift; sourceTree = "<group>"; };
		3A3062D5291F1B9C00064345 /* AlbumViewController.swift */ = {isa = PBXFileReference; lastKnownFileType = sourcecode.swift; path = AlbumViewController.swift; sourceTree = "<group>"; };
		3A3062D7291F291D00064345 /* AlbumDetailsResponse.swift */ = {isa = PBXFileReference; lastKnownFileType = sourcecode.swift; path = AlbumDetailsResponse.swift; sourceTree = "<group>"; };
		3A3062D9291F2E8E00064345 /* PlaylistDetailsResponse.swift */ = {isa = PBXFileReference; lastKnownFileType = sourcecode.swift; path = PlaylistDetailsResponse.swift; sourceTree = "<group>"; };
		3A3062DB292162E500064345 /* PlaylistHeaderCollectionReusableView.swift */ = {isa = PBXFileReference; lastKnownFileType = sourcecode.swift; path = PlaylistHeaderCollectionReusableView.swift; sourceTree = "<group>"; };
		3A3062DD2921645400064345 /* PlaylistHeaderViewModel.swift */ = {isa = PBXFileReference; lastKnownFileType = sourcecode.swift; path = PlaylistHeaderViewModel.swift; sourceTree = "<group>"; };
		3A3062E12921891A00064345 /* AlbumCollectionViewCellViewModel.swift */ = {isa = PBXFileReference; lastKnownFileType = sourcecode.swift; path = AlbumCollectionViewCellViewModel.swift; sourceTree = "<group>"; };
		3A3062E62923FFE300064345 /* CategoryCollectionViewCell.swift */ = {isa = PBXFileReference; lastKnownFileType = sourcecode.swift; path = CategoryCollectionViewCell.swift; sourceTree = "<group>"; };
		3A3062E82924050C00064345 /* AllCategoriesResponse.swift */ = {isa = PBXFileReference; lastKnownFileType = sourcecode.swift; path = AllCategoriesResponse.swift; sourceTree = "<group>"; };
		3A3062EA29240BE200064345 /* CategoryCollectionViewCellViewModel.swift */ = {isa = PBXFileReference; lastKnownFileType = sourcecode.swift; path = CategoryCollectionViewCellViewModel.swift; sourceTree = "<group>"; };
		3A3062EC29240F2E00064345 /* CategoryViewController.swift */ = {isa = PBXFileReference; lastKnownFileType = sourcecode.swift; path = CategoryViewController.swift; sourceTree = "<group>"; };
		3A3062EE29241AF800064345 /* SearchResultsResponse.swift */ = {isa = PBXFileReference; lastKnownFileType = sourcecode.swift; path = SearchResultsResponse.swift; sourceTree = "<group>"; };
		3A3062F02924207800064345 /* SearchResult.swift */ = {isa = PBXFileReference; lastKnownFileType = sourcecode.swift; path = SearchResult.swift; sourceTree = "<group>"; };
		3A7CDB8D292E4AA800E6A048 /* LibraryPlaylistsViewController.swift */ = {isa = PBXFileReference; lastKnownFileType = sourcecode.swift; path = LibraryPlaylistsViewController.swift; sourceTree = "<group>"; };
		3A7CDB8F292E4ABF00E6A048 /* LibraryAlbumsViewController.swift */ = {isa = PBXFileReference; lastKnownFileType = sourcecode.swift; path = LibraryAlbumsViewController.swift; sourceTree = "<group>"; };
		3A7CDB91292E4DD600E6A048 /* LibraryToggleView.swift */ = {isa = PBXFileReference; lastKnownFileType = sourcecode.swift; path = LibraryToggleView.swift; sourceTree = "<group>"; };
		3A7CDB93292E620E00E6A048 /* LibraryPlaylistsResponse.swift */ = {isa = PBXFileReference; lastKnownFileType = sourcecode.swift; path = LibraryPlaylistsResponse.swift; sourceTree = "<group>"; };
		3A7CDB95292E63CC00E6A048 /* ActionLabelView.swift */ = {isa = PBXFileReference; lastKnownFileType = sourcecode.swift; path = ActionLabelView.swift; sourceTree = "<group>"; };
		3A7CDB97292EAEB700E6A048 /* LibraryAlbumsResponse.swift */ = {isa = PBXFileReference; lastKnownFileType = sourcecode.swift; path = LibraryAlbumsResponse.swift; sourceTree = "<group>"; };
		3A80750929180DD4004224C0 /* SpotifyClone.app */ = {isa = PBXFileReference; explicitFileType = wrapper.application; includeInIndex = 0; path = SpotifyClone.app; sourceTree = BUILT_PRODUCTS_DIR; };
		3A80750C29180DD4004224C0 /* AppDelegate.swift */ = {isa = PBXFileReference; lastKnownFileType = sourcecode.swift; path = AppDelegate.swift; sourceTree = "<group>"; };
		3A80750E29180DD4004224C0 /* SceneDelegate.swift */ = {isa = PBXFileReference; lastKnownFileType = sourcecode.swift; path = SceneDelegate.swift; sourceTree = "<group>"; };
		3A80751029180DD4004224C0 /* HomeViewController.swift */ = {isa = PBXFileReference; lastKnownFileType = sourcecode.swift; path = HomeViewController.swift; sourceTree = "<group>"; };
		3A80751529180DD6004224C0 /* Assets.xcassets */ = {isa = PBXFileReference; lastKnownFileType = folder.assetcatalog; path = Assets.xcassets; sourceTree = "<group>"; };
		3A80751829180DD6004224C0 /* Base */ = {isa = PBXFileReference; lastKnownFileType = file.storyboard; name = Base; path = Base.lproj/LaunchScreen.storyboard; sourceTree = "<group>"; };
		3A80751A29180DD6004224C0 /* Info.plist */ = {isa = PBXFileReference; lastKnownFileType = text.plist.xml; path = Info.plist; sourceTree = "<group>"; };
		3A80752629181165004224C0 /* TabBarViewController.swift */ = {isa = PBXFileReference; lastKnownFileType = sourcecode.swift; path = TabBarViewController.swift; sourceTree = "<group>"; };
		3A80752829181195004224C0 /* SearchViewController.swift */ = {isa = PBXFileReference; lastKnownFileType = sourcecode.swift; path = SearchViewController.swift; sourceTree = "<group>"; };
		3A80752A291811A4004224C0 /* LibraryViewController.swift */ = {isa = PBXFileReference; lastKnownFileType = sourcecode.swift; path = LibraryViewController.swift; sourceTree = "<group>"; };
		3A80752E291811D2004224C0 /* AuthViewController.swift */ = {isa = PBXFileReference; lastKnownFileType = sourcecode.swift; path = AuthViewController.swift; sourceTree = "<group>"; };
		3A807530291811DD004224C0 /* WelcomeViewController.swift */ = {isa = PBXFileReference; lastKnownFileType = sourcecode.swift; path = WelcomeViewController.swift; sourceTree = "<group>"; };
		3A807532291811EA004224C0 /* SettingsViewController.swift */ = {isa = PBXFileReference; lastKnownFileType = sourcecode.swift; path = SettingsViewController.swift; sourceTree = "<group>"; };
		3A807534291811F7004224C0 /* ProfileViewController.swift */ = {isa = PBXFileReference; lastKnownFileType = sourcecode.swift; path = ProfileViewController.swift; sourceTree = "<group>"; };
		3A80753629181202004224C0 /* PlayerViewController.swift */ = {isa = PBXFileReference; lastKnownFileType = sourcecode.swift; path = PlayerViewController.swift; sourceTree = "<group>"; };
		3A8075382918120F004224C0 /* PlaylistViewController.swift */ = {isa = PBXFileReference; lastKnownFileType = sourcecode.swift; path = PlaylistViewController.swift; sourceTree = "<group>"; };
		3A80753A29181225004224C0 /* SearchResultsViewController.swift */ = {isa = PBXFileReference; lastKnownFileType = sourcecode.swift; path = SearchResultsViewController.swift; sourceTree = "<group>"; };
		3A80753C29181241004224C0 /* AuthManager.swift */ = {isa = PBXFileReference; lastKnownFileType = sourcecode.swift; path = AuthManager.swift; sourceTree = "<group>"; };
		3A80753E29181250004224C0 /* APICaller.swift */ = {isa = PBXFileReference; lastKnownFileType = sourcecode.swift; path = APICaller.swift; sourceTree = "<group>"; };
		3A8075402918125F004224C0 /* HapticsManager.swift */ = {isa = PBXFileReference; lastKnownFileType = sourcecode.swift; path = HapticsManager.swift; sourceTree = "<group>"; };
		3A80754229181340004224C0 /* Playlist.swift */ = {isa = PBXFileReference; lastKnownFileType = sourcecode.swift; path = Playlist.swift; sourceTree = "<group>"; };
		3A8075442918134D004224C0 /* AudioTrack.swift */ = {isa = PBXFileReference; lastKnownFileType = sourcecode.swift; path = AudioTrack.swift; sourceTree = "<group>"; };
		3A80754629181354004224C0 /* Artist.swift */ = {isa = PBXFileReference; lastKnownFileType = sourcecode.swift; path = Artist.swift; sourceTree = "<group>"; };
		3A80754829181360004224C0 /* UserProfile.swift */ = {isa = PBXFileReference; lastKnownFileType = sourcecode.swift; path = UserProfile.swift; sourceTree = "<group>"; };
		3A80754A29181DA2004224C0 /* Extensions.swift */ = {isa = PBXFileReference; lastKnownFileType = sourcecode.swift; path = Extensions.swift; sourceTree = "<group>"; };
		3A80754C291AA9CA004224C0 /* AuthResponse.swift */ = {isa = PBXFileReference; lastKnownFileType = sourcecode.swift; path = AuthResponse.swift; sourceTree = "<group>"; };
		3A80754E291B0B8C004224C0 /* SettingsModels.swift */ = {isa = PBXFileReference; lastKnownFileType = sourcecode.swift; path = SettingsModels.swift; sourceTree = "<group>"; };
		3A807550291C0BEB004224C0 /* NewReleasesResponse.swift */ = {isa = PBXFileReference; lastKnownFileType = sourcecode.swift; path = NewReleasesResponse.swift; sourceTree = "<group>"; };
		3A807552291C0CCA004224C0 /* APIImage.swift */ = {isa = PBXFileReference; lastKnownFileType = sourcecode.swift; path = APIImage.swift; sourceTree = "<group>"; };
		3A807554291C0F95004224C0 /* FeaturedPlaylistsResponse.swift */ = {isa = PBXFileReference; lastKnownFileType = sourcecode.swift; path = FeaturedPlaylistsResponse.swift; sourceTree = "<group>"; };
		3A807556291C1608004224C0 /* RecommendedGenresResponse.swift */ = {isa = PBXFileReference; lastKnownFileType = sourcecode.swift; path = RecommendedGenresResponse.swift; sourceTree = "<group>"; };
		3A807558291C1AF2004224C0 /* RecommendationsResponse.swift */ = {isa = PBXFileReference; lastKnownFileType = sourcecode.swift; path = RecommendationsResponse.swift; sourceTree = "<group>"; };
		3ABB095C292961B100718E89 /* PlaybackPresenter.swift */ = {isa = PBXFileReference; lastKnownFileType = sourcecode.swift; path = PlaybackPresenter.swift; sourceTree = "<group>"; };
		3ABB095E2929683300718E89 /* PlayerControlsView.swift */ = {isa = PBXFileReference; lastKnownFileType = sourcecode.swift; path = PlayerControlsView.swift; sourceTree = "<group>"; };
		3AF5636F29259EC100D99A6F /* CustomCompositionalLayout.swift */ = {isa = PBXFileReference; lastKnownFileType = sourcecode.swift; path = CustomCompositionalLayout.swift; sourceTree = "<group>"; };
		3AF5637129259F3600D99A6F /* StretchyCollectionHeaderView.swift */ = {isa = PBXFileReference; lastKnownFileType = sourcecode.swift; path = StretchyCollectionHeaderView.swift; sourceTree = "<group>"; };
		3AF5637329259FE700D99A6F /* StretchyCollectionHeaderViewModel.swift */ = {isa = PBXFileReference; lastKnownFileType = sourcecode.swift; path = StretchyCollectionHeaderViewModel.swift; sourceTree = "<group>"; };
		3AF563752926725C00D99A6F /* ArtistCollectionViewModel.swift */ = {isa = PBXFileReference; lastKnownFileType = sourcecode.swift; path = ArtistCollectionViewModel.swift; sourceTree = "<group>"; };
		3AF563772926734600D99A6F /* ArtistCollectionViewCell.swift */ = {isa = PBXFileReference; lastKnownFileType = sourcecode.swift; path = ArtistCollectionViewCell.swift; sourceTree = "<group>"; };
		3AF5637A292697A100D99A6F /* ViewControllerPreview.swift */ = {isa = PBXFileReference; lastKnownFileType = sourcecode.swift; path = ViewControllerPreview.swift; sourceTree = "<group>"; };
		4469C39F5BA7DD4F0402FDE1 /* Pods-SpotifyClone.release.xcconfig */ = {isa = PBXFileReference; includeInIndex = 1; lastKnownFileType = text.xcconfig; name = "Pods-SpotifyClone.release.xcconfig"; path = "Target Support Files/Pods-SpotifyClone/Pods-SpotifyClone.release.xcconfig"; sourceTree = "<group>"; };
		4BDD05F1A3361616ED0A92A4 /* Pods_SpotifyClone.framework */ = {isa = PBXFileReference; explicitFileType = wrapper.framework; includeInIndex = 0; path = Pods_SpotifyClone.framework; sourceTree = BUILT_PRODUCTS_DIR; };
		AA943795288FE2F5428FFA28 /* Pods-SpotifyClone.debug.xcconfig */ = {isa = PBXFileReference; includeInIndex = 1; lastKnownFileType = text.xcconfig; name = "Pods-SpotifyClone.debug.xcconfig"; path = "Target Support Files/Pods-SpotifyClone/Pods-SpotifyClone.debug.xcconfig"; sourceTree = "<group>"; };
/* End PBXFileReference section */

/* Begin PBXFrameworksBuildPhase section */
		3A80750629180DD4004224C0 /* Frameworks */ = {
			isa = PBXFrameworksBuildPhase;
			buildActionMask = 2147483647;
			files = (
				13D518192ABD00DF685A96C5 /* Pods_SpotifyClone.framework in Frameworks */,
			);
			runOnlyForDeploymentPostprocessing = 0;
		};
/* End PBXFrameworksBuildPhase section */

/* Begin PBXGroup section */
		2F7441A07AC0A8251A5E48AB /* Frameworks */ = {
			isa = PBXGroup;
			children = (
				4BDD05F1A3361616ED0A92A4 /* Pods_SpotifyClone.framework */,
			);
			name = Frameworks;
			sourceTree = "<group>";
		};
		3A1FBADC29243C880076E01F /* SearchResults */ = {
			isa = PBXGroup;
			children = (
				3A1FBADD29243CB80076E01F /* SearchResultDefaultTableViewCell.swift */,
				3A1FBAE1292445BE0076E01F /* SearchResultSubtitleTableViewCell.swift */,
			);
			path = SearchResults;
			sourceTree = "<group>";
		};
		3A3062C6291D938100064345 /* Browse */ = {
			isa = PBXGroup;
			children = (
				3A3062E52923FFC600064345 /* Headers */,
				3A3062E42923FFB600064345 /* Cells */,
			);
			path = Browse;
			sourceTree = "<group>";
		};
		3A3062E32923FF9E00064345 /* Search */ = {
			isa = PBXGroup;
			children = (
				3A3062E62923FFE300064345 /* CategoryCollectionViewCell.swift */,
			);
			path = Search;
			sourceTree = "<group>";
		};
		3A3062E42923FFB600064345 /* Cells */ = {
			isa = PBXGroup;
			children = (
				3A3062C7291D939C00064345 /* AlbumViewCell.swift */,
				3A3062C9291D93B600064345 /* FeaturedPlaylistCollectionViewCell.swift */,
				3A3062CB291D93CE00064345 /* RecommendedTrackCollectionViewCell.swift */,
			);
			path = Cells;
			sourceTree = "<group>";
		};
		3A3062E52923FFC600064345 /* Headers */ = {
			isa = PBXGroup;
			children = (
				3A3062D3291E7D8500064345 /* HomeHeaderCollectionReusableView.swift */,
				3A3062DB292162E500064345 /* PlaylistHeaderCollectionReusableView.swift */,
			);
			path = Headers;
			sourceTree = "<group>";
		};
		3A7CDB8C292E4A8C00E6A048 /* Library */ = {
			isa = PBXGroup;
			children = (
				3A7CDB8D292E4AA800E6A048 /* LibraryPlaylistsViewController.swift */,
				3A7CDB8F292E4ABF00E6A048 /* LibraryAlbumsViewController.swift */,
			);
			path = Library;
			sourceTree = "<group>";
		};
		3A80750029180DD4004224C0 = {
			isa = PBXGroup;
			children = (
				3A80750B29180DD4004224C0 /* SpotifyClone */,
				3A80750A29180DD4004224C0 /* Products */,
				DC390AA93BD5D966C4E38673 /* Pods */,
				2F7441A07AC0A8251A5E48AB /* Frameworks */,
			);
			sourceTree = "<group>";
		};
		3A80750A29180DD4004224C0 /* Products */ = {
			isa = PBXGroup;
			children = (
				3A80750929180DD4004224C0 /* SpotifyClone.app */,
			);
			name = Products;
			sourceTree = "<group>";
		};
		3A80750B29180DD4004224C0 /* SpotifyClone */ = {
			isa = PBXGroup;
			children = (
				3ABB095B2929619500718E89 /* Presenter */,
				3A80752529180E36004224C0 /* Resources */,
				3A80752429180E25004224C0 /* Views */,
				3A80752329180E16004224C0 /* ViewModels */,
				3A80752229180E0D004224C0 /* Managers */,
				3A80752129180E02004224C0 /* Models */,
				3A80752029180DF5004224C0 /* Controllers */,
				3A80751A29180DD6004224C0 /* Info.plist */,
				3AF5637A292697A100D99A6F /* ViewControllerPreview.swift */,
			);
			path = SpotifyClone;
			sourceTree = "<group>";
		};
		3A80752029180DF5004224C0 /* Controllers */ = {
			isa = PBXGroup;
			children = (
				3A80752D291811BE004224C0 /* Other */,
				3A80752C291811AD004224C0 /* Core */,
			);
			path = Controllers;
			sourceTree = "<group>";
		};
		3A80752129180E02004224C0 /* Models */ = {
			isa = PBXGroup;
			children = (
				3A80754229181340004224C0 /* Playlist.swift */,
				3A8075442918134D004224C0 /* AudioTrack.swift */,
				3A80754629181354004224C0 /* Artist.swift */,
				3A80754829181360004224C0 /* UserProfile.swift */,
				3A807552291C0CCA004224C0 /* APIImage.swift */,
				3A80754C291AA9CA004224C0 /* AuthResponse.swift */,
				3A80754E291B0B8C004224C0 /* SettingsModels.swift */,
				3A807550291C0BEB004224C0 /* NewReleasesResponse.swift */,
				3A807554291C0F95004224C0 /* FeaturedPlaylistsResponse.swift */,
				3A807556291C1608004224C0 /* RecommendedGenresResponse.swift */,
				3A807558291C1AF2004224C0 /* RecommendationsResponse.swift */,
				3A3062D7291F291D00064345 /* AlbumDetailsResponse.swift */,
				3A3062D9291F2E8E00064345 /* PlaylistDetailsResponse.swift */,
				3A3062E82924050C00064345 /* AllCategoriesResponse.swift */,
				3A3062EE29241AF800064345 /* SearchResultsResponse.swift */,
				3A3062F02924207800064345 /* SearchResult.swift */,
				3A1FBAE729245CCB0076E01F /* RelatedArtistsResponse.swift */,
				3A7CDB93292E620E00E6A048 /* LibraryPlaylistsResponse.swift */,
				3A7CDB97292EAEB700E6A048 /* LibraryAlbumsResponse.swift */,
			);
			path = Models;
			sourceTree = "<group>";
		};
		3A80752229180E0D004224C0 /* Managers */ = {
			isa = PBXGroup;
			children = (
				3A80753C29181241004224C0 /* AuthManager.swift */,
				3A80753E29181250004224C0 /* APICaller.swift */,
				3A8075402918125F004224C0 /* HapticsManager.swift */,
			);
			path = Managers;
			sourceTree = "<group>";
		};
		3A80752329180E16004224C0 /* ViewModels */ = {
			isa = PBXGroup;
			children = (
				3A3062CD291DC19F00064345 /* AlbumCellViewModel.swift */,
				3A3062CF291E6F9100064345 /* FeaturedPlaylistCellViewModel.swift */,
				3A3062D1291E6FC700064345 /* RecommendedTrackCellViewModel.swift */,
				3A3062DD2921645400064345 /* PlaylistHeaderViewModel.swift */,
				3A3062E12921891A00064345 /* AlbumCollectionViewCellViewModel.swift */,
				3A3062EA29240BE200064345 /* CategoryCollectionViewCellViewModel.swift */,
				3A1FBADF29243E380076E01F /* SearchResultDefaultTableViewCellViewModel.swift */,
				3A1FBAE32924462B0076E01F /* SearchResultSubtitleTableViewCellViewModel.swift */,
				3AF5637329259FE700D99A6F /* StretchyCollectionHeaderViewModel.swift */,
				3AF563752926725C00D99A6F /* ArtistCollectionViewModel.swift */,
			);
			path = ViewModels;
			sourceTree = "<group>";
		};
		3A80752429180E25004224C0 /* Views */ = {
			isa = PBXGroup;
			children = (
				3A1FBADC29243C880076E01F /* SearchResults */,
				3A3062E32923FF9E00064345 /* Search */,
				3A3062C6291D938100064345 /* Browse */,
				3A80751729180DD6004224C0 /* LaunchScreen.storyboard */,
				3AF563792926750200D99A6F /* Artist */,
				3ABB095E2929683300718E89 /* PlayerControlsView.swift */,
				3A7CDB91292E4DD600E6A048 /* LibraryToggleView.swift */,
				3A7CDB95292E63CC00E6A048 /* ActionLabelView.swift */,
			);
			path = Views;
			sourceTree = "<group>";
		};
		3A80752529180E36004224C0 /* Resources */ = {
			isa = PBXGroup;
			children = (
				3A80750C29180DD4004224C0 /* AppDelegate.swift */,
				3A80750E29180DD4004224C0 /* SceneDelegate.swift */,
				3A80751529180DD6004224C0 /* Assets.xcassets */,
				3A80754A29181DA2004224C0 /* Extensions.swift */,
			);
			path = Resources;
			sourceTree = "<group>";
		};
		3A80752C291811AD004224C0 /* Core */ = {
			isa = PBXGroup;
			children = (
				3A80752629181165004224C0 /* TabBarViewController.swift */,
				3A80751029180DD4004224C0 /* HomeViewController.swift */,
				3A80752829181195004224C0 /* SearchViewController.swift */,
				3A80752A291811A4004224C0 /* LibraryViewController.swift */,
			);
			path = Core;
			sourceTree = "<group>";
		};
		3A80752D291811BE004224C0 /* Other */ = {
			isa = PBXGroup;
			children = (
				3A7CDB8C292E4A8C00E6A048 /* Library */,
				3A80752E291811D2004224C0 /* AuthViewController.swift */,
				3A807530291811DD004224C0 /* WelcomeViewController.swift */,
				3A807532291811EA004224C0 /* SettingsViewController.swift */,
				3A807534291811F7004224C0 /* ProfileViewController.swift */,
				3A80753629181202004224C0 /* PlayerViewController.swift */,
				3A8075382918120F004224C0 /* PlaylistViewController.swift */,
				3A80753A29181225004224C0 /* SearchResultsViewController.swift */,
				3A3062D5291F1B9C00064345 /* AlbumViewController.swift */,
				3A3062EC29240F2E00064345 /* CategoryViewController.swift */,
				3A1FBAE529244A770076E01F /* ArtistViewController.swift */,
			);
			path = Other;
			sourceTree = "<group>";
		};
		3ABB095B2929619500718E89 /* Presenter */ = {
			isa = PBXGroup;
			children = (
				3ABB095C292961B100718E89 /* PlaybackPresenter.swift */,
			);
			path = Presenter;
			sourceTree = "<group>";
		};
		3AF563792926750200D99A6F /* Artist */ = {
			isa = PBXGroup;
			children = (
				3AF5636F29259EC100D99A6F /* CustomCompositionalLayout.swift */,
				3AF5637129259F3600D99A6F /* StretchyCollectionHeaderView.swift */,
				3AF563772926734600D99A6F /* ArtistCollectionViewCell.swift */,
			);
			path = Artist;
			sourceTree = "<group>";
		};
		DC390AA93BD5D966C4E38673 /* Pods */ = {
			isa = PBXGroup;
			children = (
				AA943795288FE2F5428FFA28 /* Pods-SpotifyClone.debug.xcconfig */,
				4469C39F5BA7DD4F0402FDE1 /* Pods-SpotifyClone.release.xcconfig */,
			);
			path = Pods;
			sourceTree = "<group>";
		};
/* End PBXGroup section */

/* Begin PBXNativeTarget section */
		3A80750829180DD4004224C0 /* SpotifyClone */ = {
			isa = PBXNativeTarget;
			buildConfigurationList = 3A80751D29180DD6004224C0 /* Build configuration list for PBXNativeTarget "SpotifyClone" */;
			buildPhases = (
				3AD0FB7B8EF71D0E775AD98E /* [CP] Check Pods Manifest.lock */,
				3A80750529180DD4004224C0 /* Sources */,
				3A80750629180DD4004224C0 /* Frameworks */,
				3A80750729180DD4004224C0 /* Resources */,
				F8320DCDD2095277BB9E6F7B /* [CP] Embed Pods Frameworks */,
			);
			buildRules = (
			);
			dependencies = (
			);
			name = SpotifyClone;
			productName = SpotifyClone;
			productReference = 3A80750929180DD4004224C0 /* SpotifyClone.app */;
			productType = "com.apple.product-type.application";
		};
/* End PBXNativeTarget section */

/* Begin PBXProject section */
		3A80750129180DD4004224C0 /* Project object */ = {
			isa = PBXProject;
			attributes = {
				BuildIndependentTargetsInParallel = 1;
				LastSwiftUpdateCheck = 1410;
				LastUpgradeCheck = 1410;
				TargetAttributes = {
					3A80750829180DD4004224C0 = {
						CreatedOnToolsVersion = 14.1;
					};
				};
			};
			buildConfigurationList = 3A80750429180DD4004224C0 /* Build configuration list for PBXProject "SpotifyClone" */;
			compatibilityVersion = "Xcode 14.0";
			developmentRegion = en;
			hasScannedForEncodings = 0;
			knownRegions = (
				en,
				Base,
			);
			mainGroup = 3A80750029180DD4004224C0;
			productRefGroup = 3A80750A29180DD4004224C0 /* Products */;
			projectDirPath = "";
			projectRoot = "";
			targets = (
				3A80750829180DD4004224C0 /* SpotifyClone */,
			);
		};
/* End PBXProject section */

/* Begin PBXResourcesBuildPhase section */
		3A80750729180DD4004224C0 /* Resources */ = {
			isa = PBXResourcesBuildPhase;
			buildActionMask = 2147483647;
			files = (
				3A80751929180DD6004224C0 /* LaunchScreen.storyboard in Resources */,
				3A80751629180DD6004224C0 /* Assets.xcassets in Resources */,
			);
			runOnlyForDeploymentPostprocessing = 0;
		};
/* End PBXResourcesBuildPhase section */

/* Begin PBXShellScriptBuildPhase section */
		3AD0FB7B8EF71D0E775AD98E /* [CP] Check Pods Manifest.lock */ = {
			isa = PBXShellScriptBuildPhase;
			buildActionMask = 2147483647;
			files = (
			);
			inputFileListPaths = (
			);
			inputPaths = (
				"${PODS_PODFILE_DIR_PATH}/Podfile.lock",
				"${PODS_ROOT}/Manifest.lock",
			);
			name = "[CP] Check Pods Manifest.lock";
			outputFileListPaths = (
			);
			outputPaths = (
				"$(DERIVED_FILE_DIR)/Pods-SpotifyClone-checkManifestLockResult.txt",
			);
			runOnlyForDeploymentPostprocessing = 0;
			shellPath = /bin/sh;
			shellScript = "diff \"${PODS_PODFILE_DIR_PATH}/Podfile.lock\" \"${PODS_ROOT}/Manifest.lock\" > /dev/null\nif [ $? != 0 ] ; then\n    # print error to STDERR\n    echo \"error: The sandbox is not in sync with the Podfile.lock. Run 'pod install' or update your CocoaPods installation.\" >&2\n    exit 1\nfi\n# This output is used by Xcode 'outputs' to avoid re-running this script phase.\necho \"SUCCESS\" > \"${SCRIPT_OUTPUT_FILE_0}\"\n";
			showEnvVarsInLog = 0;
		};
		F8320DCDD2095277BB9E6F7B /* [CP] Embed Pods Frameworks */ = {
			isa = PBXShellScriptBuildPhase;
			buildActionMask = 2147483647;
			files = (
			);
			inputFileListPaths = (
				"${PODS_ROOT}/Target Support Files/Pods-SpotifyClone/Pods-SpotifyClone-frameworks-${CONFIGURATION}-input-files.xcfilelist",
			);
			name = "[CP] Embed Pods Frameworks";
			outputFileListPaths = (
				"${PODS_ROOT}/Target Support Files/Pods-SpotifyClone/Pods-SpotifyClone-frameworks-${CONFIGURATION}-output-files.xcfilelist",
			);
			runOnlyForDeploymentPostprocessing = 0;
			shellPath = /bin/sh;
			shellScript = "\"${PODS_ROOT}/Target Support Files/Pods-SpotifyClone/Pods-SpotifyClone-frameworks.sh\"\n";
			showEnvVarsInLog = 0;
		};
/* End PBXShellScriptBuildPhase section */

/* Begin PBXSourcesBuildPhase section */
		3A80750529180DD4004224C0 /* Sources */ = {
			isa = PBXSourcesBuildPhase;
			buildActionMask = 2147483647;
			files = (
				3A1FBAE42924462B0076E01F /* SearchResultSubtitleTableViewCellViewModel.swift in Sources */,
				3A80752929181195004224C0 /* SearchViewController.swift in Sources */,
				3A80754329181340004224C0 /* Playlist.swift in Sources */,
				3A80753D29181241004224C0 /* AuthManager.swift in Sources */,
				3A7CDB92292E4DD600E6A048 /* LibraryToggleView.swift in Sources */,
				3A7CDB8E292E4AA800E6A048 /* LibraryPlaylistsViewController.swift in Sources */,
				3A3062CE291DC19F00064345 /* AlbumCellViewModel.swift in Sources */,
				3AF5637229259F3600D99A6F /* StretchyCollectionHeaderView.swift in Sources */,
				3AF563762926725C00D99A6F /* ArtistCollectionViewModel.swift in Sources */,
				3A3062D2291E6FC700064345 /* RecommendedTrackCellViewModel.swift in Sources */,
				3A3062E22921891A00064345 /* AlbumCollectionViewCellViewModel.swift in Sources */,
				3A80753B29181225004224C0 /* SearchResultsViewController.swift in Sources */,
				3A3062D0291E6F9100064345 /* FeaturedPlaylistCellViewModel.swift in Sources */,
				3A807531291811DD004224C0 /* WelcomeViewController.swift in Sources */,
				3A807535291811F7004224C0 /* ProfileViewController.swift in Sources */,
				3ABB095D292961B100718E89 /* PlaybackPresenter.swift in Sources */,
				3A80752729181165004224C0 /* TabBarViewController.swift in Sources */,
				3A8075412918125F004224C0 /* HapticsManager.swift in Sources */,
				3A3062F12924207800064345 /* SearchResult.swift in Sources */,
				3A1FBAE029243E380076E01F /* SearchResultDefaultTableViewCellViewModel.swift in Sources */,
				3A1FBAE829245CCB0076E01F /* RelatedArtistsResponse.swift in Sources */,
				3A3062CC291D93CE00064345 /* RecommendedTrackCollectionViewCell.swift in Sources */,
				3AF5637B292697A100D99A6F /* ViewControllerPreview.swift in Sources */,
				3A1FBADE29243CB80076E01F /* SearchResultDefaultTableViewCell.swift in Sources */,
				3A3062D6291F1B9C00064345 /* AlbumViewController.swift in Sources */,
				3A3062DA291F2E8E00064345 /* PlaylistDetailsResponse.swift in Sources */,
				3A1FBAE629244A770076E01F /* ArtistViewController.swift in Sources */,
				3A3062E92924050C00064345 /* AllCategoriesResponse.swift in Sources */,
				3A80754D291AA9CA004224C0 /* AuthResponse.swift in Sources */,
				3A7CDB90292E4ABF00E6A048 /* LibraryAlbumsViewController.swift in Sources */,
				3A807551291C0BEB004224C0 /* NewReleasesResponse.swift in Sources */,
				3A807553291C0CCA004224C0 /* APIImage.swift in Sources */,
				3A807559291C1AF2004224C0 /* RecommendationsResponse.swift in Sources */,
				3A8075452918134D004224C0 /* AudioTrack.swift in Sources */,
				3A80751129180DD4004224C0 /* HomeViewController.swift in Sources */,
				3ABB095F2929683300718E89 /* PlayerControlsView.swift in Sources */,
				3A3062C8291D939C00064345 /* AlbumViewCell.swift in Sources */,
				3A80752F291811D2004224C0 /* AuthViewController.swift in Sources */,
				3A3062CA291D93B600064345 /* FeaturedPlaylistCollectionViewCell.swift in Sources */,
				3A3062ED29240F2E00064345 /* CategoryViewController.swift in Sources */,
				3AF5637429259FE700D99A6F /* StretchyCollectionHeaderViewModel.swift in Sources */,
				3A3062DC292162E500064345 /* PlaylistHeaderCollectionReusableView.swift in Sources */,
				3A3062D8291F291D00064345 /* AlbumDetailsResponse.swift in Sources */,
				3A80750D29180DD4004224C0 /* AppDelegate.swift in Sources */,
				3A80754929181360004224C0 /* UserProfile.swift in Sources */,
				3AF563782926734600D99A6F /* ArtistCollectionViewCell.swift in Sources */,
				3A3062EB29240BE200064345 /* CategoryCollectionViewCellViewModel.swift in Sources */,
				3A1FBAE2292445BE0076E01F /* SearchResultSubtitleTableViewCell.swift in Sources */,
				3A7CDB98292EAEB700E6A048 /* LibraryAlbumsResponse.swift in Sources */,
				3A3062EF29241AF800064345 /* SearchResultsResponse.swift in Sources */,
				3A3062E72923FFE300064345 /* CategoryCollectionViewCell.swift in Sources */,
				3A80754B29181DA2004224C0 /* Extensions.swift in Sources */,
				3A80752B291811A4004224C0 /* LibraryViewController.swift in Sources */,
				3A80754729181354004224C0 /* Artist.swift in Sources */,
				3A80754F291B0B8C004224C0 /* SettingsModels.swift in Sources */,
				3A3062DE2921645400064345 /* PlaylistHeaderViewModel.swift in Sources */,
				3A8075392918120F004224C0 /* PlaylistViewController.swift in Sources */,
				3A3062D4291E7D8500064345 /* HomeHeaderCollectionReusableView.swift in Sources */,
				3A80750F29180DD4004224C0 /* SceneDelegate.swift in Sources */,
				3AF5637029259EC100D99A6F /* CustomCompositionalLayout.swift in Sources */,
				3A80753729181202004224C0 /* PlayerViewController.swift in Sources */,
				3A80753F29181250004224C0 /* APICaller.swift in Sources */,
				3A807555291C0F95004224C0 /* FeaturedPlaylistsResponse.swift in Sources */,
				3A7CDB94292E620E00E6A048 /* LibraryPlaylistsResponse.swift in Sources */,
				3A7CDB96292E63CC00E6A048 /* ActionLabelView.swift in Sources */,
				3A807533291811EA004224C0 /* SettingsViewController.swift in Sources */,
				3A807557291C1608004224C0 /* RecommendedGenresResponse.swift in Sources */,
			);
			runOnlyForDeploymentPostprocessing = 0;
		};
/* End PBXSourcesBuildPhase section */

/* Begin PBXVariantGroup section */
		3A80751729180DD6004224C0 /* LaunchScreen.storyboard */ = {
			isa = PBXVariantGroup;
			children = (
				3A80751829180DD6004224C0 /* Base */,
			);
			name = LaunchScreen.storyboard;
			sourceTree = "<group>";
		};
/* End PBXVariantGroup section */

/* Begin XCBuildConfiguration section */
		3A80751B29180DD6004224C0 /* Debug */ = {
			isa = XCBuildConfiguration;
			buildSettings = {
				ALWAYS_SEARCH_USER_PATHS = NO;
				CLANG_ANALYZER_NONNULL = YES;
				CLANG_ANALYZER_NUMBER_OBJECT_CONVERSION = YES_AGGRESSIVE;
				CLANG_CXX_LANGUAGE_STANDARD = "gnu++20";
				CLANG_ENABLE_MODULES = YES;
				CLANG_ENABLE_OBJC_ARC = YES;
				CLANG_ENABLE_OBJC_WEAK = YES;
				CLANG_WARN_BLOCK_CAPTURE_AUTORELEASING = YES;
				CLANG_WARN_BOOL_CONVERSION = YES;
				CLANG_WARN_COMMA = YES;
				CLANG_WARN_CONSTANT_CONVERSION = YES;
				CLANG_WARN_DEPRECATED_OBJC_IMPLEMENTATIONS = YES;
				CLANG_WARN_DIRECT_OBJC_ISA_USAGE = YES_ERROR;
				CLANG_WARN_DOCUMENTATION_COMMENTS = YES;
				CLANG_WARN_EMPTY_BODY = YES;
				CLANG_WARN_ENUM_CONVERSION = YES;
				CLANG_WARN_INFINITE_RECURSION = YES;
				CLANG_WARN_INT_CONVERSION = YES;
				CLANG_WARN_NON_LITERAL_NULL_CONVERSION = YES;
				CLANG_WARN_OBJC_IMPLICIT_RETAIN_SELF = YES;
				CLANG_WARN_OBJC_LITERAL_CONVERSION = YES;
				CLANG_WARN_OBJC_ROOT_CLASS = YES_ERROR;
				CLANG_WARN_QUOTED_INCLUDE_IN_FRAMEWORK_HEADER = YES;
				CLANG_WARN_RANGE_LOOP_ANALYSIS = YES;
				CLANG_WARN_STRICT_PROTOTYPES = YES;
				CLANG_WARN_SUSPICIOUS_MOVE = YES;
				CLANG_WARN_UNGUARDED_AVAILABILITY = YES_AGGRESSIVE;
				CLANG_WARN_UNREACHABLE_CODE = YES;
				CLANG_WARN__DUPLICATE_METHOD_MATCH = YES;
				COPY_PHASE_STRIP = NO;
				DEBUG_INFORMATION_FORMAT = dwarf;
				ENABLE_STRICT_OBJC_MSGSEND = YES;
				ENABLE_TESTABILITY = YES;
				GCC_C_LANGUAGE_STANDARD = gnu11;
				GCC_DYNAMIC_NO_PIC = NO;
				GCC_NO_COMMON_BLOCKS = YES;
				GCC_OPTIMIZATION_LEVEL = 0;
				GCC_PREPROCESSOR_DEFINITIONS = (
					"DEBUG=1",
					"$(inherited)",
				);
				GCC_WARN_64_TO_32_BIT_CONVERSION = YES;
				GCC_WARN_ABOUT_RETURN_TYPE = YES_ERROR;
				GCC_WARN_UNDECLARED_SELECTOR = YES;
				GCC_WARN_UNINITIALIZED_AUTOS = YES_AGGRESSIVE;
				GCC_WARN_UNUSED_FUNCTION = YES;
				GCC_WARN_UNUSED_VARIABLE = YES;
				IPHONEOS_DEPLOYMENT_TARGET = 16.1;
				MTL_ENABLE_DEBUG_INFO = INCLUDE_SOURCE;
				MTL_FAST_MATH = YES;
				ONLY_ACTIVE_ARCH = YES;
				SDKROOT = iphoneos;
				SWIFT_ACTIVE_COMPILATION_CONDITIONS = DEBUG;
				SWIFT_OPTIMIZATION_LEVEL = "-Onone";
			};
			name = Debug;
		};
		3A80751C29180DD6004224C0 /* Release */ = {
			isa = XCBuildConfiguration;
			buildSettings = {
				ALWAYS_SEARCH_USER_PATHS = NO;
				CLANG_ANALYZER_NONNULL = YES;
				CLANG_ANALYZER_NUMBER_OBJECT_CONVERSION = YES_AGGRESSIVE;
				CLANG_CXX_LANGUAGE_STANDARD = "gnu++20";
				CLANG_ENABLE_MODULES = YES;
				CLANG_ENABLE_OBJC_ARC = YES;
				CLANG_ENABLE_OBJC_WEAK = YES;
				CLANG_WARN_BLOCK_CAPTURE_AUTORELEASING = YES;
				CLANG_WARN_BOOL_CONVERSION = YES;
				CLANG_WARN_COMMA = YES;
				CLANG_WARN_CONSTANT_CONVERSION = YES;
				CLANG_WARN_DEPRECATED_OBJC_IMPLEMENTATIONS = YES;
				CLANG_WARN_DIRECT_OBJC_ISA_USAGE = YES_ERROR;
				CLANG_WARN_DOCUMENTATION_COMMENTS = YES;
				CLANG_WARN_EMPTY_BODY = YES;
				CLANG_WARN_ENUM_CONVERSION = YES;
				CLANG_WARN_INFINITE_RECURSION = YES;
				CLANG_WARN_INT_CONVERSION = YES;
				CLANG_WARN_NON_LITERAL_NULL_CONVERSION = YES;
				CLANG_WARN_OBJC_IMPLICIT_RETAIN_SELF = YES;
				CLANG_WARN_OBJC_LITERAL_CONVERSION = YES;
				CLANG_WARN_OBJC_ROOT_CLASS = YES_ERROR;
				CLANG_WARN_QUOTED_INCLUDE_IN_FRAMEWORK_HEADER = YES;
				CLANG_WARN_RANGE_LOOP_ANALYSIS = YES;
				CLANG_WARN_STRICT_PROTOTYPES = YES;
				CLANG_WARN_SUSPICIOUS_MOVE = YES;
				CLANG_WARN_UNGUARDED_AVAILABILITY = YES_AGGRESSIVE;
				CLANG_WARN_UNREACHABLE_CODE = YES;
				CLANG_WARN__DUPLICATE_METHOD_MATCH = YES;
				COPY_PHASE_STRIP = NO;
				DEBUG_INFORMATION_FORMAT = "dwarf-with-dsym";
				ENABLE_NS_ASSERTIONS = NO;
				ENABLE_STRICT_OBJC_MSGSEND = YES;
				GCC_C_LANGUAGE_STANDARD = gnu11;
				GCC_NO_COMMON_BLOCKS = YES;
				GCC_WARN_64_TO_32_BIT_CONVERSION = YES;
				GCC_WARN_ABOUT_RETURN_TYPE = YES_ERROR;
				GCC_WARN_UNDECLARED_SELECTOR = YES;
				GCC_WARN_UNINITIALIZED_AUTOS = YES_AGGRESSIVE;
				GCC_WARN_UNUSED_FUNCTION = YES;
				GCC_WARN_UNUSED_VARIABLE = YES;
				IPHONEOS_DEPLOYMENT_TARGET = 16.1;
				MTL_ENABLE_DEBUG_INFO = NO;
				MTL_FAST_MATH = YES;
				SDKROOT = iphoneos;
				SWIFT_COMPILATION_MODE = wholemodule;
				SWIFT_OPTIMIZATION_LEVEL = "-O";
				VALIDATE_PRODUCT = YES;
			};
			name = Release;
		};
		3A80751E29180DD6004224C0 /* Debug */ = {
			isa = XCBuildConfiguration;
			baseConfigurationReference = AA943795288FE2F5428FFA28 /* Pods-SpotifyClone.debug.xcconfig */;
			buildSettings = {
				ASSETCATALOG_COMPILER_APPICON_NAME = AppIcon;
				ASSETCATALOG_COMPILER_GLOBAL_ACCENT_COLOR_NAME = AccentColor;
				CODE_SIGN_STYLE = Automatic;
				CURRENT_PROJECT_VERSION = 1;
				DEVELOPMENT_TEAM = S5766AV554;
				GENERATE_INFOPLIST_FILE = YES;
				INFOPLIST_FILE = SpotifyClone/Info.plist;
				INFOPLIST_KEY_UIApplicationSupportsIndirectInputEvents = YES;
				INFOPLIST_KEY_UILaunchStoryboardName = LaunchScreen.storyboard;
				INFOPLIST_KEY_UISupportedInterfaceOrientations_iPad = "UIInterfaceOrientationPortrait UIInterfaceOrientationPortraitUpsideDown UIInterfaceOrientationLandscapeLeft UIInterfaceOrientationLandscapeRight";
				INFOPLIST_KEY_UISupportedInterfaceOrientations_iPhone = "UIInterfaceOrientationPortrait UIInterfaceOrientationLandscapeLeft UIInterfaceOrientationLandscapeRight";
				IPHONEOS_DEPLOYMENT_TARGET = 14.5;
				LD_RUNPATH_SEARCH_PATHS = (
					"$(inherited)",
					"@executable_path/Frameworks",
				);
				MARKETING_VERSION = 1.0;
				PRODUCT_BUNDLE_IDENTIFIER = com.notbad.SpotifyClone;
				PRODUCT_NAME = "$(TARGET_NAME)";
				SWIFT_EMIT_LOC_STRINGS = YES;
				SWIFT_VERSION = 5.0;
				TARGETED_DEVICE_FAMILY = "1,2";
			};
			name = Debug;
		};
		3A80751F29180DD6004224C0 /* Release */ = {
			isa = XCBuildConfiguration;
			baseConfigurationReference = 4469C39F5BA7DD4F0402FDE1 /* Pods-SpotifyClone.release.xcconfig */;
			buildSettings = {
				ASSETCATALOG_COMPILER_APPICON_NAME = AppIcon;
				ASSETCATALOG_COMPILER_GLOBAL_ACCENT_COLOR_NAME = AccentColor;
				CODE_SIGN_STYLE = Automatic;
				CURRENT_PROJECT_VERSION = 1;
				DEVELOPMENT_TEAM = S5766AV554;
				GENERATE_INFOPLIST_FILE = YES;
				INFOPLIST_FILE = SpotifyClone/Info.plist;
				INFOPLIST_KEY_UIApplicationSupportsIndirectInputEvents = YES;
				INFOPLIST_KEY_UILaunchStoryboardName = LaunchScreen.storyboard;
				INFOPLIST_KEY_UISupportedInterfaceOrientations_iPad = "UIInterfaceOrientationPortrait UIInterfaceOrientationPortraitUpsideDown UIInterfaceOrientationLandscapeLeft UIInterfaceOrientationLandscapeRight";
				INFOPLIST_KEY_UISupportedInterfaceOrientations_iPhone = "UIInterfaceOrientationPortrait UIInterfaceOrientationLandscapeLeft UIInterfaceOrientationLandscapeRight";
				IPHONEOS_DEPLOYMENT_TARGET = 14.5;
				LD_RUNPATH_SEARCH_PATHS = (
					"$(inherited)",
					"@executable_path/Frameworks",
				);
				MARKETING_VERSION = 1.0;
				PRODUCT_BUNDLE_IDENTIFIER = com.notbad.SpotifyClone;
				PRODUCT_NAME = "$(TARGET_NAME)";
				SWIFT_EMIT_LOC_STRINGS = YES;
				SWIFT_VERSION = 5.0;
				TARGETED_DEVICE_FAMILY = "1,2";
			};
			name = Release;
		};
/* End XCBuildConfiguration section */

/* Begin XCConfigurationList section */
		3A80750429180DD4004224C0 /* Build configuration list for PBXProject "SpotifyClone" */ = {
			isa = XCConfigurationList;
			buildConfigurations = (
				3A80751B29180DD6004224C0 /* Debug */,
				3A80751C29180DD6004224C0 /* Release */,
			);
			defaultConfigurationIsVisible = 0;
			defaultConfigurationName = Release;
		};
		3A80751D29180DD6004224C0 /* Build configuration list for PBXNativeTarget "SpotifyClone" */ = {
			isa = XCConfigurationList;
			buildConfigurations = (
				3A80751E29180DD6004224C0 /* Debug */,
				3A80751F29180DD6004224C0 /* Release */,
			);
			defaultConfigurationIsVisible = 0;
			defaultConfigurationName = Release;
		};
/* End XCConfigurationList section */
	};
	rootObject = 3A80750129180DD4004224C0 /* Project object */;
}
